{
  "requires": true,
  "lockfileVersion": 1,
  "dependencies": {
    "lodash": {
      "version": "4.17.15",
      "resolved": "https://registry.npmjs.org/lodash/-/lodash-4.17.15.tgz",
      "integrity": "sha512-8xOcRHvCjnocdS5cpwXQXVzmmh5e5+saE2QGoeQmbKmRS6J3VQppPOIt0MnmE+4xlZoumy0GPG0D0MVIQbNA1A=="
    },
    "random-bigint": {
      "version": "0.0.1",
      "resolved": "https://registry.npmjs.org/random-bigint/-/random-bigint-0.0.1.tgz",
      "integrity": "sha512-X+NTsf5Hzl/tRNLiNTD3N1LRU0eKdIE0+plNlV1CmXLTlnAxj6HipcTnOhWvFRoSytCz6l1f4KYFf/iH8NNSLw=="
    }
  }
}
